
Microsoft Visual Studio Solution File, Format Version 12.00
# Visual Studio 15
VisualStudioVersion = 15.0.27130.2003
MinimumVisualStudioVersion = 10.0.40219.1
Project("{FAE04EC0-301F-11D3-BF4B-00C04F79EFBC}") = "MTS", "ConsoleApp1\MTS.csproj", "{D56E337E-E3A3-4DDB-9AB1-3B521660A6EA}"
EndProject
Global
	GlobalSection(SolutionConfigurationPlatforms) = preSolution
		Debug|Any CPU = Debug|Any CPU
		Release|Any CPU = Release|Any CPU
	EndGlobalSection
	GlobalSection(ProjectConfigurationPlatforms) = postSolution
		{D56E337E-E3A3-4DDB-9AB1-3B521660A6EA}.Debug|Any CPU.ActiveCfg = Debug|Any CPU
		{D56E337E-E3A3-4DDB-9AB1-3B521660A6EA}.Debug|Any CPU.Build.0 = Debug|Any CPU
		{D56E337E-E3A3-4DDB-9AB1-3B521660A6EA}.Release|Any CPU.ActiveCfg = Release|Any CPU
		{D56E337E-E3A3-4DDB-9AB1-3B521660A6EA}.Release|Any CPU.Build.0 = Release|Any CPU
	EndGlobalSection
	GlobalSection(SolutionProperties) = preSolution
		HideSolutionNode = FALSE
	EndGlobalSection
	GlobalSection(ExtensibilityGlobals) = postSolution
		SolutionGuid = {C00A1B96-676B-4949-B675-2DBA126CAB42}
	EndGlobalSection
EndGlobal
